
Microsoft Visual Studio Solution File, Format Version 12.00
# Visual Studio 15
VisualStudioVersion = 15.0.28010.2036
MinimumVisualStudioVersion = 10.0.40219.1
Project("{FAE04EC0-301F-11D3-BF4B-00C04F79EFBC}") = "aspnet_core_fundamentals", "aspnet_core_fundamentals\aspnet_core_fundamentals.csproj", "{109D2494-56FC-447D-9C0D-8FBB56907DBB}"
EndProject
Global
	GlobalSection(SolutionConfigurationPlatforms) = preSolution
		Debug|Any CPU = Debug|Any CPU
		Release|Any CPU = Release|Any CPU
	EndGlobalSection
	GlobalSection(ProjectConfigurationPlatforms) = postSolution
		{109D2494-56FC-447D-9C0D-8FBB56907DBB}.Debug|Any CPU.ActiveCfg = Debug|Any CPU
		{109D2494-56FC-447D-9C0D-8FBB56907DBB}.Debug|Any CPU.Build.0 = Debug|Any CPU
		{109D2494-56FC-447D-9C0D-8FBB56907DBB}.Release|Any CPU.ActiveCfg = Release|Any CPU
		{109D2494-56FC-447D-9C0D-8FBB56907DBB}.Release|Any CPU.Build.0 = Release|Any CPU
	EndGlobalSection
	GlobalSection(SolutionProperties) = preSolution
		HideSolutionNode = FALSE
	EndGlobalSection
	GlobalSection(ExtensibilityGlobals) = postSolution
		SolutionGuid = {D86C3A5D-D9BD-415F-A50A-AF1094AC882D}
	EndGlobalSection
EndGlobal
